
Microsoft Visual Studio Solution File, Format Version 12.00
# Visual Studio Version 17
VisualStudioVersion = 17.9.34723.18
MinimumVisualStudioVersion = 10.0.40219.1
Project("{FAE04EC0-301F-11D3-BF4B-00C04F79EFBC}") = "анимация кружка проба 2", "анимация кружка проба 2.csproj", "{A1A3948A-9192-4F15-8A8B-5B4F2110E4AB}"
EndProject
Global
	GlobalSection(SolutionConfigurationPlatforms) = preSolution
		Debug|Any CPU = Debug|Any CPU
		Release|Any CPU = Release|Any CPU
	EndGlobalSection
	GlobalSection(ProjectConfigurationPlatforms) = postSolution
		{A1A3948A-9192-4F15-8A8B-5B4F2110E4AB}.Debug|Any CPU.ActiveCfg = Debug|Any CPU
		{A1A3948A-9192-4F15-8A8B-5B4F2110E4AB}.Debug|Any CPU.Build.0 = Debug|Any CPU
		{A1A3948A-9192-4F15-8A8B-5B4F2110E4AB}.Release|Any CPU.ActiveCfg = Release|Any CPU
		{A1A3948A-9192-4F15-8A8B-5B4F2110E4AB}.Release|Any CPU.Build.0 = Release|Any CPU
	EndGlobalSection
	GlobalSection(SolutionProperties) = preSolution
		HideSolutionNode = FALSE
	EndGlobalSection
	GlobalSection(ExtensibilityGlobals) = postSolution
		SolutionGuid = {F07077D7-9257-487D-AF58-311F73820574}
	EndGlobalSection
EndGlobal
